{
  "nodes": {
    "home-manager": {
      "inputs": {
        "nixpkgs": [
          "nixpkgs"
        ]
      },
      "locked": {
        "lastModified": 1726989464,
        "narHash": "sha256-Vl+WVTJwutXkimwGprnEtXc/s/s8sMuXzqXaspIGlwM=",
        "owner": "nix-community",
        "repo": "home-manager",
        "rev": "2f23fa308a7c067e52dfcc30a0758f47043ec176",
        "type": "github"
      },
      "original": {
        "owner": "nix-community",
        "ref": "release-24.05",
        "repo": "home-manager",
        "type": "github"
      }
    },
    "nixpkgs": {
      "locked": {
        "lastModified": 1729691686,
        "narHash": "sha256-BAuPWW+9fa1moZTU+jFh+1cUtmsuF8asgzFwejM4wac=",
        "owner": "nixos",
        "repo": "nixpkgs",
        "rev": "32e940c7c420600ef0d1ef396dc63b04ee9cad37",
        "type": "github"
      },
      "original": {
        "owner": "nixos",
        "ref": "nixos-24.05",
        "repo": "nixpkgs",
        "type": "github"
      }
    },
    "nixpkgs-development": {
      "locked": {
        "lastModified": 1726909070,
        "narHash": "sha256-BlFwcJsN3RmEHL1IZp4Z93D2r293jX46hqeJBaX7q4E=",
        "owner": "fnune",
        "repo": "nixpkgs",
        "rev": "37b1de296ad4f68042da69cc6731b5784b7957cb",
        "type": "github"
      },
      "original": {
        "owner": "fnune",
        "ref": "fnune/testing",
        "repo": "nixpkgs",
        "type": "github"
      }
    },
    "nixpkgs-unstable": {
      "locked": {
        "lastModified": 1729722069,
        "narHash": "sha256-gY9Wc8ZhBsPdQqWnTV+XuNaj2dbQW0uslAaJHamczSE=",
        "owner": "nixos",
        "repo": "nixpkgs",
        "rev": "6301495959cf1737c6ebcd153833e4c4596f56e2",
        "type": "github"
      },
      "original": {
        "owner": "nixos",
        "ref": "nixpkgs-unstable",
        "repo": "nixpkgs",
        "type": "github"
      }
    },
    "plasma-manager": {
      "inputs": {
        "home-manager": [
          "home-manager"
        ],
        "nixpkgs": [
          "nixpkgs"
        ]
      },
      "locked": {
        "lastModified": 1729710171,
        "narHash": "sha256-2sVt2hbL+G0FzEESm/EZBewPOmNtZ6MTnYhsvHJW6Rs=",
        "owner": "pjones",
        "repo": "plasma-manager",
        "rev": "247a8e677b51f053ca89dcf67059e24f85e47391",
        "type": "github"
      },
      "original": {
        "owner": "pjones",
        "repo": "plasma-manager",
        "type": "github"
      }
    },
    "root": {
      "inputs": {
        "home-manager": "home-manager",
        "nixpkgs": "nixpkgs",
        "nixpkgs-development": "nixpkgs-development",
        "nixpkgs-unstable": "nixpkgs-unstable",
        "plasma-manager": "plasma-manager"
      }
    }
  },
  "root": "root",
  "version": 7
}
